
Microsoft Visual Studio Solution File, Format Version 12.00
# Visual Studio 15
VisualStudioVersion = 15.0.28307.168
MinimumVisualStudioVersion = 10.0.40219.1
Project("{9A19103F-16F7-4668-BE54-9A1E7A4F7556}") = "DataApi", "DataApi\DataApi.csproj", "{0DD286CF-C34A-4843-A728-8C35B37AD9B5}"
EndProject
Project("{FAE04EC0-301F-11D3-BF4B-00C04F79EFBC}") = "DataApi.Core", "DataApi.Core\DataApi.Core.csproj", "{F86DDC3B-6D46-4655-B588-8972D0C71506}"
EndProject
Project("{FAE04EC0-301F-11D3-BF4B-00C04F79EFBC}") = "DataApi.Services", "DataApi.Services\DataApi.Services.csproj", "{DBF33DEF-5152-4075-9650-FA67C2C149E0}"
EndProject
Project("{FAE04EC0-301F-11D3-BF4B-00C04F79EFBC}") = "DataApi.Data", "DataApi.Data\DataApi.Data.csproj", "{4E3BB717-6BCD-4E57-A3E5-46D1AB366A2D}"
EndProject
Global
	GlobalSection(SolutionConfigurationPlatforms) = preSolution
		Debug|Any CPU = Debug|Any CPU
		Release|Any CPU = Release|Any CPU
	EndGlobalSection
	GlobalSection(ProjectConfigurationPlatforms) = postSolution
		{0DD286CF-C34A-4843-A728-8C35B37AD9B5}.Debug|Any CPU.ActiveCfg = Debug|Any CPU
		{0DD286CF-C34A-4843-A728-8C35B37AD9B5}.Debug|Any CPU.Build.0 = Debug|Any CPU
		{0DD286CF-C34A-4843-A728-8C35B37AD9B5}.Release|Any CPU.ActiveCfg = Release|Any CPU
		{0DD286CF-C34A-4843-A728-8C35B37AD9B5}.Release|Any CPU.Build.0 = Release|Any CPU
		{F86DDC3B-6D46-4655-B588-8972D0C71506}.Debug|Any CPU.ActiveCfg = Debug|Any CPU
		{F86DDC3B-6D46-4655-B588-8972D0C71506}.Debug|Any CPU.Build.0 = Debug|Any CPU
		{F86DDC3B-6D46-4655-B588-8972D0C71506}.Release|Any CPU.ActiveCfg = Release|Any CPU
		{F86DDC3B-6D46-4655-B588-8972D0C71506}.Release|Any CPU.Build.0 = Release|Any CPU
		{DBF33DEF-5152-4075-9650-FA67C2C149E0}.Debug|Any CPU.ActiveCfg = Debug|Any CPU
		{DBF33DEF-5152-4075-9650-FA67C2C149E0}.Debug|Any CPU.Build.0 = Debug|Any CPU
		{DBF33DEF-5152-4075-9650-FA67C2C149E0}.Release|Any CPU.ActiveCfg = Release|Any CPU
		{DBF33DEF-5152-4075-9650-FA67C2C149E0}.Release|Any CPU.Build.0 = Release|Any CPU
		{4E3BB717-6BCD-4E57-A3E5-46D1AB366A2D}.Debug|Any CPU.ActiveCfg = Debug|Any CPU
		{4E3BB717-6BCD-4E57-A3E5-46D1AB366A2D}.Debug|Any CPU.Build.0 = Debug|Any CPU
		{4E3BB717-6BCD-4E57-A3E5-46D1AB366A2D}.Release|Any CPU.ActiveCfg = Release|Any CPU
		{4E3BB717-6BCD-4E57-A3E5-46D1AB366A2D}.Release|Any CPU.Build.0 = Release|Any CPU
	EndGlobalSection
	GlobalSection(SolutionProperties) = preSolution
		HideSolutionNode = FALSE
	EndGlobalSection
	GlobalSection(ExtensibilityGlobals) = postSolution
		SolutionGuid = {05079C83-05E3-48C0-B2BA-0FAEEC3CA200}
	EndGlobalSection
EndGlobal
