
Microsoft Visual Studio Solution File, Format Version 12.00
# Visual Studio 15
VisualStudioVersion = 15.0.26430.12
MinimumVisualStudioVersion = 10.0.40219.1
Project("{2150E333-8FDC-42A3-9474-1A3956D46DE8}") = "0. Solution items", "0. Solution items", "{7664A776-FBC4-4DB1-BE35-29E9664E24B4}"
	ProjectSection(SolutionItems) = preProject
		.gitignore = .gitignore
		LICENSE = LICENSE
		README.md = README.md
		settings.yaml = settings.yaml
	EndProjectSection
EndProject
Project("{2150E333-8FDC-42A3-9474-1A3956D46DE8}") = "1. Domain", "1. Domain", "{CC2067D7-1971-47BB-B491-5649EA3C18B2}"
EndProject
Project("{9A19103F-16F7-4668-BE54-9A1E7A4F7556}") = "Lykke.Job.Bil2Indexer.Domain", "src\Lykke.Job.Bil2Indexer.Domain\Lykke.Job.Bil2Indexer.Domain.csproj", "{F5B2F6B8-A8CC-4612-8F1D-C063EB8C8955}"
EndProject
Project("{9A19103F-16F7-4668-BE54-9A1E7A4F7556}") = "Lykke.Job.Bil2Indexer.DomainServices", "src\Lykke.Job.Bil2Indexer.DomainServices\Lykke.Job.Bil2Indexer.DomainServices.csproj", "{2D5F52EC-2A27-4045-81ED-72355E2A6325}"
EndProject
Project("{2150E333-8FDC-42A3-9474-1A3956D46DE8}") = "2. Repositories", "2. Repositories", "{BF745453-B940-470E-81BC-43FB67703D4E}"
EndProject
Project("{9A19103F-16F7-4668-BE54-9A1E7A4F7556}") = "Lykke.Job.Bil2Indexer.AzureRepositories", "src\Lykke.Job.Bil2Indexer.AzureRepositories\Lykke.Job.Bil2Indexer.AzureRepositories.csproj", "{4BE49E02-AAAD-460B-8D00-57F412A3D181}"
EndProject
Project("{2150E333-8FDC-42A3-9474-1A3956D46DE8}") = "3. Contract", "3. Contract", "{14B5AF15-F733-4EF0-9FB9-3E61C4C83ADD}"
EndProject
Project("{9A19103F-16F7-4668-BE54-9A1E7A4F7556}") = "Lykke.Job.Bil2Indexer.Contract", "contract\Lykke.Job.Bil2Indexer.Contract\Lykke.Job.Bil2Indexer.Contract.csproj", "{58FEDF76-9CC9-4B3B-877F-0795CE7C50F9}"
EndProject
Project("{2150E333-8FDC-42A3-9474-1A3956D46DE8}") = "5. Tests", "5. Tests", "{8F9036B1-5106-4C69-B2D2-B78EE52687A0}"
EndProject
Project("{9A19103F-16F7-4668-BE54-9A1E7A4F7556}") = "Lykke.Job.Bil2Indexer.Tests", "tests\Lykke.Job.Bil2Indexer.Tests\Lykke.Job.Bil2Indexer.Tests.csproj", "{A61FFDEE-5725-4650-A788-6E55EE5EFD5B}"
EndProject
Project("{2150E333-8FDC-42A3-9474-1A3956D46DE8}") = "6. Hosts", "6. Hosts", "{EE7F3159-E06C-497F-96D4-DB2A6B03A6AB}"
EndProject
Project("{9A19103F-16F7-4668-BE54-9A1E7A4F7556}") = "Lykke.Job.Bil2Indexer", "src\Lykke.Job.Bil2Indexer\Lykke.Job.Bil2Indexer.csproj", "{5566FD3E-0DB6-4BF3-A98D-4A1181B3E02C}"
EndProject
Project("{9A19103F-16F7-4668-BE54-9A1E7A4F7556}") = "Lykke.Job.Bil2Indexer.SqlRepositories", "src\Lykke.Job.Bil2Indexer.SqlRepositories\Lykke.Job.Bil2Indexer.SqlRepositories.csproj", "{2116CF1C-7FFF-4727-9E0F-61BAB1882D69}"
EndProject
Project("{9A19103F-16F7-4668-BE54-9A1E7A4F7556}") = "Lykke.Service.Bil2IndexerWebApi", "src\Lykke.Service.Bil2IndexerWebApi\Lykke.Service.Bil2IndexerWebApi.csproj", "{9E5DC59C-17F7-4382-8774-9DB8B1159B12}"
EndProject
Project("{2150E333-8FDC-42A3-9474-1A3956D46DE8}") = "4. Clients", "4. Clients", "{5CB24F19-99A9-4E3B-BFC5-AC0F24641102}"
EndProject
Project("{9A19103F-16F7-4668-BE54-9A1E7A4F7556}") = "Lykke.Service.Bil2IndexerWebApi.Client", "clients\Lykke.Service.Bil2IndexerWebApi.Client\Lykke.Service.Bil2IndexerWebApi.Client.csproj", "{9B3DED52-D4EB-49F4-9FAC-4AA1EDE047AA}"
EndProject
Project("{9A19103F-16F7-4668-BE54-9A1E7A4F7556}") = "Lykke.Service.Bil2IndexerGrpcApi", "src\Lykke.Service.Bil2IndexerGrpcApi\Lykke.Service.Bil2IndexerGrpcApi.csproj", "{378E20B6-68F6-47EF-A7D9-B7B2ACABF58A}"
EndProject
Project("{9A19103F-16F7-4668-BE54-9A1E7A4F7556}") = "Lykke.Service.Bil2IndexerGrpcApi.Client", "clients\Lykke.Service.Bil2IndexerGrpcApi.Client\Lykke.Service.Bil2IndexerGrpcApi.Client.csproj", "{06BA118A-7C75-4010-8A05-A2E472FAB75B}"
EndProject
Project("{2150E333-8FDC-42A3-9474-1A3956D46DE8}") = "7. Tools", "7. Tools", "{3396D322-753C-4152-A653-F5B6F5315F7E}"
EndProject
Project("{9A19103F-16F7-4668-BE54-9A1E7A4F7556}") = "Lykke.Job.Bil2Indexer.VerifyingTool", "tools\Lykke.Job.Bil2Indexer.VerifyingTool\Lykke.Job.Bil2Indexer.VerifyingTool.csproj", "{62C22D19-D59D-45FF-ACAF-44999BBF9763}"
EndProject
Global
	GlobalSection(SolutionConfigurationPlatforms) = preSolution
		Debug|Any CPU = Debug|Any CPU
		Release|Any CPU = Release|Any CPU
	EndGlobalSection
	GlobalSection(ProjectConfigurationPlatforms) = postSolution
		{F5B2F6B8-A8CC-4612-8F1D-C063EB8C8955}.Debug|Any CPU.ActiveCfg = Debug|Any CPU
		{F5B2F6B8-A8CC-4612-8F1D-C063EB8C8955}.Debug|Any CPU.Build.0 = Debug|Any CPU
		{F5B2F6B8-A8CC-4612-8F1D-C063EB8C8955}.Release|Any CPU.ActiveCfg = Release|Any CPU
		{F5B2F6B8-A8CC-4612-8F1D-C063EB8C8955}.Release|Any CPU.Build.0 = Release|Any CPU
		{2D5F52EC-2A27-4045-81ED-72355E2A6325}.Debug|Any CPU.ActiveCfg = Debug|Any CPU
		{2D5F52EC-2A27-4045-81ED-72355E2A6325}.Debug|Any CPU.Build.0 = Debug|Any CPU
		{2D5F52EC-2A27-4045-81ED-72355E2A6325}.Release|Any CPU.ActiveCfg = Release|Any CPU
		{2D5F52EC-2A27-4045-81ED-72355E2A6325}.Release|Any CPU.Build.0 = Release|Any CPU
		{4BE49E02-AAAD-460B-8D00-57F412A3D181}.Debug|Any CPU.ActiveCfg = Debug|Any CPU
		{4BE49E02-AAAD-460B-8D00-57F412A3D181}.Debug|Any CPU.Build.0 = Debug|Any CPU
		{4BE49E02-AAAD-460B-8D00-57F412A3D181}.Release|Any CPU.ActiveCfg = Release|Any CPU
		{4BE49E02-AAAD-460B-8D00-57F412A3D181}.Release|Any CPU.Build.0 = Release|Any CPU
		{58FEDF76-9CC9-4B3B-877F-0795CE7C50F9}.Debug|Any CPU.ActiveCfg = Debug|Any CPU
		{58FEDF76-9CC9-4B3B-877F-0795CE7C50F9}.Debug|Any CPU.Build.0 = Debug|Any CPU
		{58FEDF76-9CC9-4B3B-877F-0795CE7C50F9}.Release|Any CPU.ActiveCfg = Release|Any CPU
		{58FEDF76-9CC9-4B3B-877F-0795CE7C50F9}.Release|Any CPU.Build.0 = Release|Any CPU
		{A61FFDEE-5725-4650-A788-6E55EE5EFD5B}.Debug|Any CPU.ActiveCfg = Debug|Any CPU
		{A61FFDEE-5725-4650-A788-6E55EE5EFD5B}.Debug|Any CPU.Build.0 = Debug|Any CPU
		{A61FFDEE-5725-4650-A788-6E55EE5EFD5B}.Release|Any CPU.ActiveCfg = Release|Any CPU
		{A61FFDEE-5725-4650-A788-6E55EE5EFD5B}.Release|Any CPU.Build.0 = Release|Any CPU
		{5566FD3E-0DB6-4BF3-A98D-4A1181B3E02C}.Debug|Any CPU.ActiveCfg = Debug|Any CPU
		{5566FD3E-0DB6-4BF3-A98D-4A1181B3E02C}.Debug|Any CPU.Build.0 = Debug|Any CPU
		{5566FD3E-0DB6-4BF3-A98D-4A1181B3E02C}.Release|Any CPU.ActiveCfg = Release|Any CPU
		{5566FD3E-0DB6-4BF3-A98D-4A1181B3E02C}.Release|Any CPU.Build.0 = Release|Any CPU
		{2116CF1C-7FFF-4727-9E0F-61BAB1882D69}.Debug|Any CPU.ActiveCfg = Debug|Any CPU
		{2116CF1C-7FFF-4727-9E0F-61BAB1882D69}.Debug|Any CPU.Build.0 = Debug|Any CPU
		{2116CF1C-7FFF-4727-9E0F-61BAB1882D69}.Release|Any CPU.ActiveCfg = Release|Any CPU
		{2116CF1C-7FFF-4727-9E0F-61BAB1882D69}.Release|Any CPU.Build.0 = Release|Any CPU
		{9E5DC59C-17F7-4382-8774-9DB8B1159B12}.Debug|Any CPU.ActiveCfg = Debug|Any CPU
		{9E5DC59C-17F7-4382-8774-9DB8B1159B12}.Debug|Any CPU.Build.0 = Debug|Any CPU
		{9E5DC59C-17F7-4382-8774-9DB8B1159B12}.Release|Any CPU.ActiveCfg = Release|Any CPU
		{9E5DC59C-17F7-4382-8774-9DB8B1159B12}.Release|Any CPU.Build.0 = Release|Any CPU
		{9B3DED52-D4EB-49F4-9FAC-4AA1EDE047AA}.Debug|Any CPU.ActiveCfg = Debug|Any CPU
		{9B3DED52-D4EB-49F4-9FAC-4AA1EDE047AA}.Debug|Any CPU.Build.0 = Debug|Any CPU
		{9B3DED52-D4EB-49F4-9FAC-4AA1EDE047AA}.Release|Any CPU.ActiveCfg = Release|Any CPU
		{9B3DED52-D4EB-49F4-9FAC-4AA1EDE047AA}.Release|Any CPU.Build.0 = Release|Any CPU
		{378E20B6-68F6-47EF-A7D9-B7B2ACABF58A}.Debug|Any CPU.ActiveCfg = Debug|Any CPU
		{378E20B6-68F6-47EF-A7D9-B7B2ACABF58A}.Debug|Any CPU.Build.0 = Debug|Any CPU
		{378E20B6-68F6-47EF-A7D9-B7B2ACABF58A}.Release|Any CPU.ActiveCfg = Release|Any CPU
		{378E20B6-68F6-47EF-A7D9-B7B2ACABF58A}.Release|Any CPU.Build.0 = Release|Any CPU
		{06BA118A-7C75-4010-8A05-A2E472FAB75B}.Debug|Any CPU.ActiveCfg = Debug|Any CPU
		{06BA118A-7C75-4010-8A05-A2E472FAB75B}.Debug|Any CPU.Build.0 = Debug|Any CPU
		{06BA118A-7C75-4010-8A05-A2E472FAB75B}.Release|Any CPU.ActiveCfg = Release|Any CPU
		{06BA118A-7C75-4010-8A05-A2E472FAB75B}.Release|Any CPU.Build.0 = Release|Any CPU
		{62C22D19-D59D-45FF-ACAF-44999BBF9763}.Debug|Any CPU.ActiveCfg = Debug|Any CPU
		{62C22D19-D59D-45FF-ACAF-44999BBF9763}.Debug|Any CPU.Build.0 = Debug|Any CPU
		{62C22D19-D59D-45FF-ACAF-44999BBF9763}.Release|Any CPU.ActiveCfg = Release|Any CPU
		{62C22D19-D59D-45FF-ACAF-44999BBF9763}.Release|Any CPU.Build.0 = Release|Any CPU
	EndGlobalSection
	GlobalSection(SolutionProperties) = preSolution
		HideSolutionNode = FALSE
	EndGlobalSection
	GlobalSection(NestedProjects) = preSolution
		{F5B2F6B8-A8CC-4612-8F1D-C063EB8C8955} = {CC2067D7-1971-47BB-B491-5649EA3C18B2}
		{2D5F52EC-2A27-4045-81ED-72355E2A6325} = {CC2067D7-1971-47BB-B491-5649EA3C18B2}
		{4BE49E02-AAAD-460B-8D00-57F412A3D181} = {BF745453-B940-470E-81BC-43FB67703D4E}
		{58FEDF76-9CC9-4B3B-877F-0795CE7C50F9} = {14B5AF15-F733-4EF0-9FB9-3E61C4C83ADD}
		{A61FFDEE-5725-4650-A788-6E55EE5EFD5B} = {8F9036B1-5106-4C69-B2D2-B78EE52687A0}
		{5566FD3E-0DB6-4BF3-A98D-4A1181B3E02C} = {EE7F3159-E06C-497F-96D4-DB2A6B03A6AB}
		{2116CF1C-7FFF-4727-9E0F-61BAB1882D69} = {BF745453-B940-470E-81BC-43FB67703D4E}
		{9E5DC59C-17F7-4382-8774-9DB8B1159B12} = {EE7F3159-E06C-497F-96D4-DB2A6B03A6AB}
		{9B3DED52-D4EB-49F4-9FAC-4AA1EDE047AA} = {5CB24F19-99A9-4E3B-BFC5-AC0F24641102}
		{378E20B6-68F6-47EF-A7D9-B7B2ACABF58A} = {EE7F3159-E06C-497F-96D4-DB2A6B03A6AB}
		{06BA118A-7C75-4010-8A05-A2E472FAB75B} = {5CB24F19-99A9-4E3B-BFC5-AC0F24641102}
		{62C22D19-D59D-45FF-ACAF-44999BBF9763} = {3396D322-753C-4152-A653-F5B6F5315F7E}
	EndGlobalSection
	GlobalSection(ExtensibilityGlobals) = postSolution
		SolutionGuid = {EB6C0EF4-AA6A-444D-8603-3669F73A58BC}
	EndGlobalSection
EndGlobal
